
Microsoft Visual Studio Solution File, Format Version 12.00
# Visual Studio Version 16
VisualStudioVersion = 25.0.1700.5
MinimumVisualStudioVersion = 10.0.40219.1
Project("{FAE04EC0-301F-11D3-BF4B-00C04F79EFBC}") = "InventoryCart.iOS", "InventoryCart\InventoryCart.iOS\InventoryCart.iOS.csproj", "{EB617151-3963-4983-B589-D070CE6DDBCB}"
EndProject
Project("{FAE04EC0-301F-11D3-BF4B-00C04F79EFBC}") = "InventoryCart", "InventoryCart\InventoryCart\InventoryCart.csproj", "{207726AB-5E95-4DC4-990F-1D8AE65F9B01}"
EndProject
Global
	GlobalSection(SolutionConfigurationPlatforms) = preSolution
		Debug|iPhoneSimulator = Debug|iPhoneSimulator
		Release|iPhoneSimulator = Release|iPhoneSimulator
		Debug|iPhone = Debug|iPhone
		Release|iPhone = Release|iPhone
		Debug|Any CPU = Debug|Any CPU
		Release|Any CPU = Release|Any CPU
	EndGlobalSection
	GlobalSection(ProjectConfigurationPlatforms) = postSolution
		{EB617151-3963-4983-B589-D070CE6DDBCB}.Debug|iPhoneSimulator.ActiveCfg = Debug|iPhoneSimulator
		{EB617151-3963-4983-B589-D070CE6DDBCB}.Debug|iPhoneSimulator.Build.0 = Debug|iPhoneSimulator
		{EB617151-3963-4983-B589-D070CE6DDBCB}.Release|iPhoneSimulator.ActiveCfg = Release|iPhoneSimulator
		{EB617151-3963-4983-B589-D070CE6DDBCB}.Release|iPhoneSimulator.Build.0 = Release|iPhoneSimulator
		{EB617151-3963-4983-B589-D070CE6DDBCB}.Debug|iPhone.ActiveCfg = Debug|iPhone
		{EB617151-3963-4983-B589-D070CE6DDBCB}.Debug|iPhone.Build.0 = Debug|iPhone
		{EB617151-3963-4983-B589-D070CE6DDBCB}.Release|iPhone.ActiveCfg = Release|iPhone
		{EB617151-3963-4983-B589-D070CE6DDBCB}.Release|iPhone.Build.0 = Release|iPhone
		{EB617151-3963-4983-B589-D070CE6DDBCB}.Debug|Any CPU.ActiveCfg = Debug|iPhoneSimulator
		{EB617151-3963-4983-B589-D070CE6DDBCB}.Debug|Any CPU.Build.0 = Debug|iPhoneSimulator
		{EB617151-3963-4983-B589-D070CE6DDBCB}.Release|Any CPU.ActiveCfg = Release|iPhoneSimulator
		{EB617151-3963-4983-B589-D070CE6DDBCB}.Release|Any CPU.Build.0 = Release|iPhoneSimulator
		{207726AB-5E95-4DC4-990F-1D8AE65F9B01}.Debug|iPhoneSimulator.ActiveCfg = Debug|Any CPU
		{207726AB-5E95-4DC4-990F-1D8AE65F9B01}.Debug|iPhoneSimulator.Build.0 = Debug|Any CPU
		{207726AB-5E95-4DC4-990F-1D8AE65F9B01}.Release|iPhoneSimulator.ActiveCfg = Release|Any CPU
		{207726AB-5E95-4DC4-990F-1D8AE65F9B01}.Release|iPhoneSimulator.Build.0 = Release|Any CPU
		{207726AB-5E95-4DC4-990F-1D8AE65F9B01}.Debug|iPhone.ActiveCfg = Debug|Any CPU
		{207726AB-5E95-4DC4-990F-1D8AE65F9B01}.Debug|iPhone.Build.0 = Debug|Any CPU
		{207726AB-5E95-4DC4-990F-1D8AE65F9B01}.Release|iPhone.ActiveCfg = Release|Any CPU
		{207726AB-5E95-4DC4-990F-1D8AE65F9B01}.Release|iPhone.Build.0 = Release|Any CPU
		{207726AB-5E95-4DC4-990F-1D8AE65F9B01}.Debug|Any CPU.ActiveCfg = Debug|Any CPU
		{207726AB-5E95-4DC4-990F-1D8AE65F9B01}.Debug|Any CPU.Build.0 = Debug|Any CPU
		{207726AB-5E95-4DC4-990F-1D8AE65F9B01}.Release|Any CPU.ActiveCfg = Release|Any CPU
		{207726AB-5E95-4DC4-990F-1D8AE65F9B01}.Release|Any CPU.Build.0 = Release|Any CPU
	EndGlobalSection
	GlobalSection(SolutionProperties) = preSolution
		HideSolutionNode = FALSE
	EndGlobalSection
	GlobalSection(ExtensibilityGlobals) = postSolution
		SolutionGuid = {D4550A57-3492-4D23-80BF-C774CE56C71D}
	EndGlobalSection
EndGlobal
